
Microsoft Visual Studio Solution File, Format Version 12.00
# Visual Studio Version 17
VisualStudioVersion = 17.4.33205.214
MinimumVisualStudioVersion = 10.0.40219.1
Project("{FAE04EC0-301F-11D3-BF4B-00C04F79EFBC}") = "FLEETCORE", "FLEETCORE\FLEETCORE.csproj", "{BC3B6F9E-3033-407E-899E-49CAE8B33703}"
EndProject
Global
	GlobalSection(SolutionConfigurationPlatforms) = preSolution
		Debug|Any CPU = Debug|Any CPU
		Release|Any CPU = Release|Any CPU
	EndGlobalSection
	GlobalSection(ProjectConfigurationPlatforms) = postSolution
		{BC3B6F9E-3033-407E-899E-49CAE8B33703}.Debug|Any CPU.ActiveCfg = Debug|Any CPU
		{BC3B6F9E-3033-407E-899E-49CAE8B33703}.Debug|Any CPU.Build.0 = Debug|Any CPU
		{BC3B6F9E-3033-407E-899E-49CAE8B33703}.Release|Any CPU.ActiveCfg = Release|Any CPU
		{BC3B6F9E-3033-407E-899E-49CAE8B33703}.Release|Any CPU.Build.0 = Release|Any CPU
	EndGlobalSection
	GlobalSection(SolutionProperties) = preSolution
		HideSolutionNode = FALSE
	EndGlobalSection
	GlobalSection(ExtensibilityGlobals) = postSolution
		SolutionGuid = {6BE814B9-7F61-4998-BE94-096A128E841E}
	EndGlobalSection
EndGlobal
